{
  "version": 1,
  "dependencies": {
    "net10.0-windows10.0.26100": {
      "ECommons": {
        "type": "Direct",
        "requested": "[3.2.1.16, )",
        "resolved": "3.2.1.16",
        "contentHash": "Ifq1cHrBXL9h+94hWhocehklrl3DamafhYTfxgwzOGc6yc/3AkDvwLjYQG2EHEv1Rrgrf5FkdxlnJzcVfiBesQ=="
      },
      "Microsoft.CodeAnalysis.BannedApiAnalyzers": {
        "type": "Direct",
        "requested": "[5.6.0, )",
        "resolved": "5.6.0",
        "contentHash": "Kcobt3pnOdO0A+6CKiMHZdTEluJpsfxiV20axtZdmfBQnDmiWTKPJADlgAfdTuKNAnVarrkJa0UEGwuOo91muw=="
      },
      "Microsoft.CodeAnalysis.CSharp": {
        "type": "Direct",
        "requested": "[5.6.0, )",
        "resolved": "5.6.0",
        "contentHash": "r1DrKQ/L0xTw03wJrLr36AMQNslyaeEKBFyFmQcOKa8HX3YvmhY//JEUafb6IR/m0gmaUVCfBTWitKJRNb7YAA==",
        "dependencies": {
          "Microsoft.CodeAnalysis.Analyzers": "5.3.0",
          "Microsoft.CodeAnalysis.Common": "[5.6.0]"
        }
      },
      "Svg": {
        "type": "Direct",
        "requested": "[3.4.8, )",
        "resolved": "3.4.8",
        "contentHash": "KBI/SYpZ0d7YHCoMsviqirp/F9GAWj6VL8gqHwkp9d8TlPECoT9uqvAWP6Dh7V0IGdegfvHPXhZQKNkGpMxhXg==",
        "dependencies": {
          "ExCSS": "4.2.3",
          "System.Drawing.Common": "5.0.3"
        }
      },
      "System.Drawing.Common": {
        "type": "Direct",
        "requested": "[10.0.10, )",
        "resolved": "10.0.10",
        "contentHash": "R9q9TI//kGavXWTxvaSS9ERj79s+Vm7V7769zEmRbzdrIOJzAnGw+wWSo/JkaVdQfAAefV2V1bWYKCHF7Zs5oQ==",
        "dependencies": {
          "Microsoft.Win32.SystemEvents": "10.0.10"
        }
      },
      "ExCSS": {
        "type": "Transitive",
        "resolved": "4.2.3",
        "contentHash": "SyeAfu2wL5247sipJoPUzQfjiwQtfSd8hN4IbgoyVcDx4PP6Dud4znwPRibWQzLtTlUxYYcbf5f4p+EfFC7KtQ=="
      },
      "Microsoft.CodeAnalysis.Analyzers": {
        "type": "Transitive",
        "resolved": "5.3.0",
        "contentHash": "KuLhbZwB0L8JikL86AE5VWEp3RLNjIcp+j8yz9EJ/UBgRz4+qDEjHg/tluRFbpYpD/e37BqaaNFbQ0vqawBwWQ=="
      },
      "Microsoft.CodeAnalysis.Common": {
        "type": "Transitive",
        "resolved": "5.6.0",
        "contentHash": "eWYNB5e92PSdkQ0xcmy2aLtrvBXNydnVi0Hj/VjaAely6XBqA3By+ClGAJaj4d16pzQmrXPLLK9RDVuS1Ec9xQ==",
        "dependencies": {
          "Microsoft.CodeAnalysis.Analyzers": "5.3.0"
        }
      },
      "Microsoft.Win32.SystemEvents": {
        "type": "Transitive",
        "resolved": "10.0.10",
        "contentHash": "IY0lTfC2uVwTizjtGgQ03ViwyXGQ9lMDblzB889/HyguAZJ2J8pRrjPown8h2eJe8WFc8nh+BUEsEPkshzizYQ=="
      },
      "rotationsolver.sourcegenerators": {
        "type": "Project",
        "dependencies": {
          "Microsoft.CodeAnalysis.CSharp": "[5.6.0, )"
        }
      }
    }
  }
}